// !$*UTF8*$!
{
	archiveVersion = 1;
	classes = {
	};
	objectVersion = 77;
	objects = {

/* Begin PBXContainerItemProxy section */
		114BEE752E51EBCE00C3E8F1 /* PBXContainerItemProxy */ = {
			isa = PBXContainerItemProxy;
			containerPortal = 114BEE5F2E51EBCC00C3E8F1 /* Project object */;
			proxyType = 1;
			remoteGlobalIDString = 114BEE662E51EBCC00C3E8F1;
			remoteInfo = FIN1;
		};
		114BEE7F2E51EBCE00C3E8F1 /* PBXContainerItemProxy */ = {
			isa = PBXContainerItemProxy;
			containerPortal = 114BEE5F2E51EBCC00C3E8F1 /* Project object */;
			proxyType = 1;
			remoteGlobalIDString = 114BEE662E51EBCC00C3E8F1;
			remoteInfo = FIN1;
		};
		11INVPROXY00000000000001 /* PBXContainerItemProxy */ = {
			isa = PBXContainerItemProxy;
			containerPortal = 114BEE5F2E51EBCC00C3E8F1 /* Project object */;
			proxyType = 1;
			remoteGlobalIDString = 114BEE662E51EBCC00C3E8F1;
			remoteInfo = FIN1;
		};
		11COREPROXY00000000000001 /* PBXContainerItemProxy */ = {
			isa = PBXContainerItemProxy;
			containerPortal = 114BEE5F2E51EBCC00C3E8F1 /* Project object */;
			proxyType = 1;
			remoteGlobalIDString = 114BEE662E51EBCC00C3E8F1;
			remoteInfo = FIN1;
		};
/* End PBXContainerItemProxy section */

/* Begin PBXFileReference section */
		114BEE672E51EBCC00C3E8F1 /* FIN1.app */ = {isa = PBXFileReference; explicitFileType = wrapper.application; includeInIndex = 0; path = FIN1.app; sourceTree = BUILT_PRODUCTS_DIR; };
		114BEE742E51EBCE00C3E8F1 /* FIN1Tests.xctest */ = {isa = PBXFileReference; explicitFileType = wrapper.cfbundle; includeInIndex = 0; path = FIN1Tests.xctest; sourceTree = BUILT_PRODUCTS_DIR; };
		114BEE7E2E51EBCE00C3E8F1 /* FIN1UITests.xctest */ = {isa = PBXFileReference; explicitFileType = wrapper.cfbundle; includeInIndex = 0; path = FIN1UITests.xctest; sourceTree = BUILT_PRODUCTS_DIR; };
		11COREPROD0000000000001 /* FIN1CoreRegressionTests.xctest */ = {isa = PBXFileReference; explicitFileType = wrapper.cfbundle; includeInIndex = 0; path = FIN1CoreRegressionTests.xctest; sourceTree = BUILT_PRODUCTS_DIR; };
		11INVPROD000000000000001 /* FIN1InvestorTests.xctest */ = {isa = PBXFileReference; explicitFileType = wrapper.cfbundle; includeInIndex = 0; path = FIN1InvestorTests.xctest; sourceTree = BUILT_PRODUCTS_DIR; };
/* End PBXFileReference section */

/* Begin PBXFileSystemSynchronizedBuildFileExceptionSet section */
		11FIN1SYNCEXC000000000001 /* PBXFileSystemSynchronizedBuildFileExceptionSet */ = {
			isa = PBXFileSystemSynchronizedBuildFileExceptionSet;
			membershipExceptions = (
				Documentation,
			);
			target = 114BEE662E51EBCC00C3E8F1 /* FIN1 */;
		};
/* End PBXFileSystemSynchronizedBuildFileExceptionSet section */

/* Begin PBXFileSystemSynchronizedRootGroup section */
		114BEE692E51EBCC00C3E8F1 /* FIN1 */ = {
			isa = PBXFileSystemSynchronizedRootGroup;
			exceptions = (
				11FIN1SYNCEXC000000000001 /* PBXFileSystemSynchronizedBuildFileExceptionSet */,
			);
			explicitFileTypes = {
			};
			explicitFolders = (
				Documentation,
			);
			path = FIN1;
			sourceTree = "<group>";
		};
		114BEE772E51EBCE00C3E8F1 /* FIN1Tests */ = {
			isa = PBXFileSystemSynchronizedRootGroup;
			path = FIN1Tests;
			sourceTree = "<group>";
		};
		114BEE812E51EBCE00C3E8F1 /* FIN1UITests */ = {
			isa = PBXFileSystemSynchronizedRootGroup;
			path = FIN1UITests;
			sourceTree = "<group>";
		};
		11COREGRP0000000000001 /* FIN1CoreRegressionTests */ = {
			isa = PBXFileSystemSynchronizedRootGroup;
			path = FIN1CoreRegressionTests;
			sourceTree = "<group>";
		};
		11DOCGRP000000000000001 /* Documentation */ = {
			isa = PBXFileSystemSynchronizedRootGroup;
			path = Documentation;
			sourceTree = "<group>";
		};
		11INVGRP000000000000001 /* FIN1InvestorTests */ = {
			isa = PBXFileSystemSynchronizedRootGroup;
			path = FIN1InvestorTests;
			sourceTree = "<group>";
		};
/* End PBXFileSystemSynchronizedRootGroup section */

/* Begin PBXFrameworksBuildPhase section */
		114BEE642E51EBCC00C3E8F1 /* Frameworks */ = {
			isa = PBXFrameworksBuildPhase;
			buildActionMask = 2147483647;
			files = (
			);
			runOnlyForDeploymentPostprocessing = 0;
		};
		114BEE712E51EBCE00C3E8F1 /* Frameworks */ = {
			isa = PBXFrameworksBuildPhase;
			buildActionMask = 2147483647;
			files = (
			);
			runOnlyForDeploymentPostprocessing = 0;
		};
		114BEE7B2E51EBCE00C3E8F1 /* Frameworks */ = {
			isa = PBXFrameworksBuildPhase;
			buildActionMask = 2147483647;
			files = (
			);
			runOnlyForDeploymentPostprocessing = 0;
		};
		11INVPHASEFRMW0000000000001 /* Frameworks */ = {
			isa = PBXFrameworksBuildPhase;
			buildActionMask = 2147483647;
			files = (
			);
			runOnlyForDeploymentPostprocessing = 0;
		};
		11COREPHASEFRMW0000000000001 /* Frameworks */ = {
			isa = PBXFrameworksBuildPhase;
			buildActionMask = 2147483647;
			files = (
			);
			runOnlyForDeploymentPostprocessing = 0;
		};
/* End PBXFrameworksBuildPhase section */

/* Begin PBXGroup section */
		114BEE5E2E51EBCC00C3E8F1 = {
			isa = PBXGroup;
			children = (
				11DOCGRP000000000000001 /* Documentation */,
				114BEE692E51EBCC00C3E8F1 /* FIN1 */,
				114BEE772E51EBCE00C3E8F1 /* FIN1Tests */,
				114BEE812E51EBCE00C3E8F1 /* FIN1UITests */,
				11INVGRP000000000000001 /* FIN1InvestorTests */,
				11COREGRP0000000000001 /* FIN1CoreRegressionTests */,
				114BEE682E51EBCC00C3E8F1 /* Products */,
			);
			sourceTree = "<group>";
		};
		114BEE682E51EBCC00C3E8F1 /* Products */ = {
			isa = PBXGroup;
			children = (
				114BEE672E51EBCC00C3E8F1 /* FIN1.app */,
				114BEE742E51EBCE00C3E8F1 /* FIN1Tests.xctest */,
				114BEE7E2E51EBCE00C3E8F1 /* FIN1UITests.xctest */,
				11INVPROD000000000000001 /* FIN1InvestorTests.xctest */,
				11COREPROD0000000000001 /* FIN1CoreRegressionTests.xctest */,
			);
			name = Products;
			sourceTree = "<group>";
		};
/* End PBXGroup section */

/* Begin PBXNativeTarget section */
		114BEE662E51EBCC00C3E8F1 /* FIN1 */ = {
			isa = PBXNativeTarget;
			buildConfigurationList = 114BEE882E51EBCE00C3E8F1 /* Build configuration list for PBXNativeTarget "FIN1" */;
			buildPhases = (
				114BEE632E51EBCC00C3E8F1 /* Sources */,
				114BEE642E51EBCC00C3E8F1 /* Frameworks */,
				114BEE652E51EBCC00C3E8F1 /* Resources */,
			);
			buildRules = (
			);
			dependencies = (
			);
			fileSystemSynchronizedGroups = (
				114BEE692E51EBCC00C3E8F1 /* FIN1 */,
			);
			name = FIN1;
			packageProductDependencies = (
			);
			productName = FIN1;
			productReference = 114BEE672E51EBCC00C3E8F1 /* FIN1.app */;
			productType = "com.apple.product-type.application";
		};
		114BEE732E51EBCE00C3E8F1 /* FIN1Tests */ = {
			isa = PBXNativeTarget;
			buildConfigurationList = 114BEE8B2E51EBCE00C3E8F1 /* Build configuration list for PBXNativeTarget "FIN1Tests" */;
			buildPhases = (
				114BEE702E51EBCE00C3E8F1 /* Sources */,
				114BEE712E51EBCE00C3E8F1 /* Frameworks */,
				114BEE722E51EBCE00C3E8F1 /* Resources */,
			);
			buildRules = (
			);
			dependencies = (
				114BEE762E51EBCE00C3E8F1 /* PBXTargetDependency */,
			);
			fileSystemSynchronizedGroups = (
				114BEE772E51EBCE00C3E8F1 /* FIN1Tests */,
			);
			name = FIN1Tests;
			packageProductDependencies = (
			);
			productName = FIN1Tests;
			productReference = 114BEE742E51EBCE00C3E8F1 /* FIN1Tests.xctest */;
			productType = "com.apple.product-type.bundle.unit-test";
		};
		114BEE7D2E51EBCE00C3E8F1 /* FIN1UITests */ = {
			isa = PBXNativeTarget;
			buildConfigurationList = 114BEE8E2E51EBCE00C3E8F1 /* Build configuration list for PBXNativeTarget "FIN1UITests" */;
			buildPhases = (
				114BEE7A2E51EBCE00C3E8F1 /* Sources */,
				114BEE7B2E51EBCE00C3E8F1 /* Frameworks */,
				114BEE7C2E51EBCE00C3E8F1 /* Resources */,
			);
			buildRules = (
			);
			dependencies = (
				114BEE802E51EBCE00C3E8F1 /* PBXTargetDependency */,
			);
			fileSystemSynchronizedGroups = (
				114BEE812E51EBCE00C3E8F1 /* FIN1UITests */,
			);
			name = FIN1UITests;
			packageProductDependencies = (
			);
			productName = FIN1UITests;
			productReference = 114BEE7E2E51EBCE00C3E8F1 /* FIN1UITests.xctest */;
			productType = "com.apple.product-type.bundle.ui-testing";
		};
		11INVTGT000000000000001 /* FIN1InvestorTests */ = {
			isa = PBXNativeTarget;
			buildConfigurationList = 11INVCONF000000000000001 /* Build configuration list for PBXNativeTarget "FIN1InvestorTests" */;
			buildPhases = (
				11INVPHASESRC0000000000001 /* Sources */,
				11INVPHASEFRMW0000000000001 /* Frameworks */,
				11INVPHASERES0000000000001 /* Resources */,
			);
			buildRules = (
			);
			dependencies = (
				11INVDEP000000000000001 /* PBXTargetDependency */,
			);
			fileSystemSynchronizedGroups = (
				11INVGRP000000000000001 /* FIN1InvestorTests */,
			);
			name = FIN1InvestorTests;
			productName = FIN1InvestorTests;
			productReference = 11INVPROD000000000000001 /* FIN1InvestorTests.xctest */;
			productType = "com.apple.product-type.bundle.unit-test";
		};
		11CORETGT0000000000001 /* FIN1CoreRegressionTests */ = {
			isa = PBXNativeTarget;
			buildConfigurationList = 11CORECONF000000000000001 /* Build configuration list for PBXNativeTarget "FIN1CoreRegressionTests" */;
			buildPhases = (
				11COREPHASESRC0000000000001 /* Sources */,
				11COREPHASEFRMW0000000000001 /* Frameworks */,
				11COREPHASERES0000000000001 /* Resources */,
			);
			buildRules = (
			);
			dependencies = (
				11COREDEP000000000000001 /* PBXTargetDependency */,
			);
			fileSystemSynchronizedGroups = (
				11COREGRP0000000000001 /* FIN1CoreRegressionTests */,
			);
			name = FIN1CoreRegressionTests;
			productName = FIN1CoreRegressionTests;
			productReference = 11COREPROD0000000000001 /* FIN1CoreRegressionTests.xctest */;
			productType = "com.apple.product-type.bundle.unit-test";
		};
/* End PBXNativeTarget section */

/* Begin PBXProject section */
		114BEE5F2E51EBCC00C3E8F1 /* Project object */ = {
			isa = PBXProject;
			attributes = {
				BuildIndependentTargetsInParallel = 1;
				LastSwiftUpdateCheck = 1640;
				LastUpgradeCheck = 2600;
				TargetAttributes = {
					114BEE662E51EBCC00C3E8F1 = {
						CreatedOnToolsVersion = 16.4;
					};
					114BEE732E51EBCE00C3E8F1 = {
						CreatedOnToolsVersion = 16.4;
						TestTargetID = 114BEE662E51EBCC00C3E8F1;
					};
					114BEE7D2E51EBCE00C3E8F1 = {
						CreatedOnToolsVersion = 16.4;
						TestTargetID = 114BEE662E51EBCC00C3E8F1;
					};
				};
			};
			buildConfigurationList = 114BEE622E51EBCC00C3E8F1 /* Build configuration list for PBXProject "FIN1" */;
			developmentRegion = en;
			hasScannedForEncodings = 0;
			knownRegions = (
				en,
				Base,
			);
			mainGroup = 114BEE5E2E51EBCC00C3E8F1;
			minimizedProjectReferenceProxies = 1;
			preferredProjectObjectVersion = 77;
			productRefGroup = 114BEE682E51EBCC00C3E8F1 /* Products */;
			projectDirPath = "";
			projectRoot = "";
			targets = (
				114BEE662E51EBCC00C3E8F1 /* FIN1 */,
				114BEE732E51EBCE00C3E8F1 /* FIN1Tests */,
				114BEE7D2E51EBCE00C3E8F1 /* FIN1UITests */,
				11INVTGT000000000000001 /* FIN1InvestorTests */,
				11CORETGT0000000000001 /* FIN1CoreRegressionTests */,
			);
		};
/* End PBXProject section */

/* Begin PBXResourcesBuildPhase section */
		114BEE652E51EBCC00C3E8F1 /* Resources */ = {
			isa = PBXResourcesBuildPhase;
			buildActionMask = 2147483647;
			files = (
			);
			runOnlyForDeploymentPostprocessing = 0;
		};
		114BEE722E51EBCE00C3E8F1 /* Resources */ = {
			isa = PBXResourcesBuildPhase;
			buildActionMask = 2147483647;
			files = (
			);
			runOnlyForDeploymentPostprocessing = 0;
		};
		114BEE7C2E51EBCE00C3E8F1 /* Resources */ = {
			isa = PBXResourcesBuildPhase;
			buildActionMask = 2147483647;
			files = (
			);
			runOnlyForDeploymentPostprocessing = 0;
		};
		11INVPHASERES0000000000001 /* Resources */ = {
			isa = PBXResourcesBuildPhase;
			buildActionMask = 2147483647;
			files = (
			);
			runOnlyForDeploymentPostprocessing = 0;
		};
		11COREPHASERES0000000000001 /* Resources */ = {
			isa = PBXResourcesBuildPhase;
			buildActionMask = 2147483647;
			files = (
			);
			runOnlyForDeploymentPostprocessing = 0;
		};
/* End PBXResourcesBuildPhase section */

/* Begin PBXSourcesBuildPhase section */
		114BEE632E51EBCC00C3E8F1 /* Sources */ = {
			isa = PBXSourcesBuildPhase;
			buildActionMask = 2147483647;
			files = (
			);
			runOnlyForDeploymentPostprocessing = 0;
		};
		114BEE702E51EBCE00C3E8F1 /* Sources */ = {
			isa = PBXSourcesBuildPhase;
			buildActionMask = 2147483647;
			files = (
			);
			runOnlyForDeploymentPostprocessing = 0;
		};
		114BEE7A2E51EBCE00C3E8F1 /* Sources */ = {
			isa = PBXSourcesBuildPhase;
			buildActionMask = 2147483647;
			files = (
			);
			runOnlyForDeploymentPostprocessing = 0;
		};
		11INVPHASESRC0000000000001 /* Sources */ = {
			isa = PBXSourcesBuildPhase;
			buildActionMask = 2147483647;
			files = (
			);
			runOnlyForDeploymentPostprocessing = 0;
		};
		11COREPHASESRC0000000000001 /* Sources */ = {
			isa = PBXSourcesBuildPhase;
			buildActionMask = 2147483647;
			files = (
			);
			runOnlyForDeploymentPostprocessing = 0;
		};
/* End PBXSourcesBuildPhase section */

/* Begin PBXTargetDependency section */
		114BEE762E51EBCE00C3E8F1 /* PBXTargetDependency */ = {
			isa = PBXTargetDependency;
			target = 114BEE662E51EBCC00C3E8F1 /* FIN1 */;
			targetProxy = 114BEE752E51EBCE00C3E8F1 /* PBXContainerItemProxy */;
		};
		114BEE802E51EBCE00C3E8F1 /* PBXTargetDependency */ = {
			isa = PBXTargetDependency;
			target = 114BEE662E51EBCC00C3E8F1 /* FIN1 */;
			targetProxy = 114BEE7F2E51EBCE00C3E8F1 /* PBXContainerItemProxy */;
		};
		11INVDEP000000000000001 /* PBXTargetDependency */ = {
			isa = PBXTargetDependency;
			target = 114BEE662E51EBCC00C3E8F1 /* FIN1 */;
			targetProxy = 11INVPROXY00000000000001 /* PBXContainerItemProxy */;
		};
		11COREDEP000000000000001 /* PBXTargetDependency */ = {
			isa = PBXTargetDependency;
			target = 114BEE662E51EBCC00C3E8F1 /* FIN1 */;
			targetProxy = 11COREPROXY00000000000001 /* PBXContainerItemProxy */;
		};
/* End PBXTargetDependency section */

/* Begin XCBuildConfiguration section */
		114BEE862E51EBCE00C3E8F1 /* Debug */ = {
			isa = XCBuildConfiguration;
			buildSettings = {
				ALWAYS_SEARCH_USER_PATHS = NO;
				ASSETCATALOG_COMPILER_GENERATE_SWIFT_ASSET_SYMBOL_EXTENSIONS = YES;
				CLANG_ANALYZER_NONNULL = YES;
				CLANG_ANALYZER_NUMBER_OBJECT_CONVERSION = YES_AGGRESSIVE;
				CLANG_CXX_LANGUAGE_STANDARD = "gnu++20";
				CLANG_ENABLE_MODULES = YES;
				CLANG_ENABLE_OBJC_ARC = YES;
				CLANG_ENABLE_OBJC_WEAK = YES;
				CLANG_WARN_BLOCK_CAPTURE_AUTORELEASING = YES;
				CLANG_WARN_BOOL_CONVERSION = YES;
				CLANG_WARN_COMMA = YES;
				CLANG_WARN_CONSTANT_CONVERSION = YES;
				CLANG_WARN_DEPRECATED_OBJC_IMPLEMENTATIONS = YES;
				CLANG_WARN_DIRECT_OBJC_ISA_USAGE = YES_ERROR;
				CLANG_WARN_DOCUMENTATION_COMMENTS = YES;
				CLANG_WARN_EMPTY_BODY = YES;
				CLANG_WARN_ENUM_CONVERSION = YES;
				CLANG_WARN_INFINITE_RECURSION = YES;
				CLANG_WARN_INT_CONVERSION = YES;
				CLANG_WARN_NON_LITERAL_NULL_CONVERSION = YES;
				CLANG_WARN_OBJC_IMPLICIT_RETAIN_SELF = YES;
				CLANG_WARN_OBJC_LITERAL_CONVERSION = YES;
				CLANG_WARN_OBJC_ROOT_CLASS = YES_ERROR;
				CLANG_WARN_QUOTED_INCLUDE_IN_FRAMEWORK_HEADER = YES;
				CLANG_WARN_RANGE_LOOP_ANALYSIS = YES;
				CLANG_WARN_STRICT_PROTOTYPES = YES;
				CLANG_WARN_SUSPICIOUS_MOVE = YES;
				CLANG_WARN_UNGUARDED_AVAILABILITY = YES_AGGRESSIVE;
				CLANG_WARN_UNREACHABLE_CODE = YES;
				CLANG_WARN__DUPLICATE_METHOD_MATCH = YES;
				COPY_PHASE_STRIP = NO;
				DEBUG_INFORMATION_FORMAT = dwarf;
				DEVELOPMENT_TEAM = RQ63APAG77;
				ENABLE_STRICT_OBJC_MSGSEND = YES;
				ENABLE_TESTABILITY = YES;
				ENABLE_USER_SCRIPT_SANDBOXING = YES;
				GCC_C_LANGUAGE_STANDARD = gnu17;
				GCC_DYNAMIC_NO_PIC = NO;
				GCC_NO_COMMON_BLOCKS = YES;
				GCC_OPTIMIZATION_LEVEL = 0;
				GCC_PREPROCESSOR_DEFINITIONS = (
					"DEBUG=1",
					"$(inherited)",
				);
				GCC_WARN_64_TO_32_BIT_CONVERSION = YES;
				GCC_WARN_ABOUT_RETURN_TYPE = YES_ERROR;
				GCC_WARN_UNDECLARED_SELECTOR = YES;
				GCC_WARN_UNINITIALIZED_AUTOS = YES_AGGRESSIVE;
				GCC_WARN_UNUSED_FUNCTION = YES;
				GCC_WARN_UNUSED_VARIABLE = YES;
				IPHONEOS_DEPLOYMENT_TARGET = 18.5;
				LOCALIZATION_PREFERS_STRING_CATALOGS = YES;
				MTL_ENABLE_DEBUG_INFO = INCLUDE_SOURCE;
				MTL_FAST_MATH = YES;
				ONLY_ACTIVE_ARCH = YES;
				SDKROOT = iphoneos;
				STRING_CATALOG_GENERATE_SYMBOLS = YES;
				SWIFT_ACTIVE_COMPILATION_CONDITIONS = "DEBUG $(inherited)";
				SWIFT_OPTIMIZATION_LEVEL = "-Onone";
				SWIFT_STRICT_CONCURRENCY = complete;
			};
			name = Debug;
		};
		114BEE872E51EBCE00C3E8F1 /* Release */ = {
			isa = XCBuildConfiguration;
			buildSettings = {
				ALWAYS_SEARCH_USER_PATHS = NO;
				ASSETCATALOG_COMPILER_GENERATE_SWIFT_ASSET_SYMBOL_EXTENSIONS = YES;
				CLANG_ANALYZER_NONNULL = YES;
				CLANG_ANALYZER_NUMBER_OBJECT_CONVERSION = YES_AGGRESSIVE;
				CLANG_CXX_LANGUAGE_STANDARD = "gnu++20";
				CLANG_ENABLE_MODULES = YES;
				CLANG_ENABLE_OBJC_ARC = YES;
				CLANG_ENABLE_OBJC_WEAK = YES;
				CLANG_WARN_BLOCK_CAPTURE_AUTORELEASING = YES;
				CLANG_WARN_BOOL_CONVERSION = YES;
				CLANG_WARN_COMMA = YES;
				CLANG_WARN_CONSTANT_CONVERSION = YES;
				CLANG_WARN_DEPRECATED_OBJC_IMPLEMENTATIONS = YES;
				CLANG_WARN_DIRECT_OBJC_ISA_USAGE = YES_ERROR;
				CLANG_WARN_DOCUMENTATION_COMMENTS = YES;
				CLANG_WARN_EMPTY_BODY = YES;
				CLANG_WARN_ENUM_CONVERSION = YES;
				CLANG_WARN_INFINITE_RECURSION = YES;
				CLANG_WARN_INT_CONVERSION = YES;
				CLANG_WARN_NON_LITERAL_NULL_CONVERSION = YES;
				CLANG_WARN_OBJC_IMPLICIT_RETAIN_SELF = YES;
				CLANG_WARN_OBJC_LITERAL_CONVERSION = YES;
				CLANG_WARN_OBJC_ROOT_CLASS = YES_ERROR;
				CLANG_WARN_QUOTED_INCLUDE_IN_FRAMEWORK_HEADER = YES;
				CLANG_WARN_RANGE_LOOP_ANALYSIS = YES;
				CLANG_WARN_STRICT_PROTOTYPES = YES;
				CLANG_WARN_SUSPICIOUS_MOVE = YES;
				CLANG_WARN_UNGUARDED_AVAILABILITY = YES_AGGRESSIVE;
				CLANG_WARN_UNREACHABLE_CODE = YES;
				CLANG_WARN__DUPLICATE_METHOD_MATCH = YES;
				COPY_PHASE_STRIP = NO;
				DEBUG_INFORMATION_FORMAT = "dwarf-with-dsym";
				DEVELOPMENT_TEAM = RQ63APAG77;
				ENABLE_NS_ASSERTIONS = NO;
				ENABLE_STRICT_OBJC_MSGSEND = YES;
				ENABLE_USER_SCRIPT_SANDBOXING = YES;
				GCC_C_LANGUAGE_STANDARD = gnu17;
				GCC_NO_COMMON_BLOCKS = YES;
				GCC_WARN_64_TO_32_BIT_CONVERSION = YES;
				GCC_WARN_ABOUT_RETURN_TYPE = YES_ERROR;
				GCC_WARN_UNDECLARED_SELECTOR = YES;
				GCC_WARN_UNINITIALIZED_AUTOS = YES_AGGRESSIVE;
				GCC_WARN_UNUSED_FUNCTION = YES;
				GCC_WARN_UNUSED_VARIABLE = YES;
				IPHONEOS_DEPLOYMENT_TARGET = 18.5;
				LOCALIZATION_PREFERS_STRING_CATALOGS = YES;
				MTL_ENABLE_DEBUG_INFO = NO;
				MTL_FAST_MATH = YES;
				SDKROOT = iphoneos;
				STRING_CATALOG_GENERATE_SYMBOLS = YES;
				SWIFT_COMPILATION_MODE = wholemodule;
				SWIFT_STRICT_CONCURRENCY = complete;
				VALIDATE_PRODUCT = YES;
			};
			name = Release;
		};
		114BEE892E51EBCE00C3E8F1 /* Debug */ = {
			isa = XCBuildConfiguration;
			buildSettings = {
				ASSETCATALOG_COMPILER_APPICON_NAME = AppIcon;
				ASSETCATALOG_COMPILER_GLOBAL_ACCENT_COLOR_NAME = AccentColor;
				CODE_SIGN_STYLE = Automatic;
				CURRENT_PROJECT_VERSION = 1;
				DEVELOPMENT_TEAM = RQ63APAG77;
				ENABLE_PREVIEWS = YES;
				FIN1_PARSE_APPLICATION_ID = "fin1-app-id";
				FIN1_PARSE_SERVER_URL = "http://192.168.178.24/parse";
				FIN1_PDF_SERVICE_BASE_URL = "http://192.168.178.24";
				GENERATE_INFOPLIST_FILE = NO;
				INFOPLIST_FILE = Info.plist;
				INFOPLIST_KEY_CFBundleDisplayName = abcdefg;
				INFOPLIST_KEY_UILaunchScreen_Generation = YES;
				LD_RUNPATH_SEARCH_PATHS = (
					"$(inherited)",
					"@executable_path/Frameworks",
				);
				MARKETING_VERSION = 1.0;
				PRODUCT_BUNDLE_IDENTIFIER = ra.FIN1;
				PRODUCT_NAME = "$(TARGET_NAME)";
				SWIFT_EMIT_LOC_STRINGS = YES;
				SWIFT_VERSION = 6.0;
				TARGETED_DEVICE_FAMILY = "1,2";
			};
			name = Debug;
		};
		114BEE8A2E51EBCE00C3E8F1 /* Release */ = {
			isa = XCBuildConfiguration;
			buildSettings = {
				ASSETCATALOG_COMPILER_APPICON_NAME = AppIcon;
				ASSETCATALOG_COMPILER_GLOBAL_ACCENT_COLOR_NAME = AccentColor;
				CODE_SIGN_STYLE = Automatic;
				CURRENT_PROJECT_VERSION = 1;
				DEVELOPMENT_TEAM = RQ63APAG77;
				ENABLE_PREVIEWS = YES;
				FIN1_PARSE_APPLICATION_ID = "fin1-app-id";
				FIN1_PARSE_SERVER_URL = "http://192.168.178.24/parse";
				FIN1_PDF_SERVICE_BASE_URL = "http://192.168.178.24";
				GENERATE_INFOPLIST_FILE = NO;
				INFOPLIST_FILE = Info.plist;
				INFOPLIST_KEY_CFBundleDisplayName = abcdefg;
				INFOPLIST_KEY_UILaunchScreen_Generation = YES;
				LD_RUNPATH_SEARCH_PATHS = (
					"$(inherited)",
					"@executable_path/Frameworks",
				);
				MARKETING_VERSION = 1.0;
				PRODUCT_BUNDLE_IDENTIFIER = ra.FIN1;
				PRODUCT_NAME = "$(TARGET_NAME)";
				SWIFT_EMIT_LOC_STRINGS = YES;
				SWIFT_VERSION = 6.0;
				TARGETED_DEVICE_FAMILY = "1,2";
			};
			name = Release;
		};
		114BEE8C2E51EBCE00C3E8F1 /* Debug */ = {
			isa = XCBuildConfiguration;
			buildSettings = {
				BUNDLE_LOADER = "$(TEST_HOST)";
				CODE_SIGN_STYLE = Automatic;
				CURRENT_PROJECT_VERSION = 1;
				DEVELOPMENT_TEAM = RQ63APAG77;
				GENERATE_INFOPLIST_FILE = YES;
				IPHONEOS_DEPLOYMENT_TARGET = 18.5;
				MARKETING_VERSION = 1.0;
				PRODUCT_BUNDLE_IDENTIFIER = ra.FIN1Tests;
				PRODUCT_NAME = "$(TARGET_NAME)";
				SWIFT_EMIT_LOC_STRINGS = NO;
				SWIFT_VERSION = 6.0;
				TARGETED_DEVICE_FAMILY = "1,2";
				TEST_HOST = "$(BUILT_PRODUCTS_DIR)/FIN1.app/$(BUNDLE_EXECUTABLE_FOLDER_PATH)/FIN1";
			};
			name = Debug;
		};
		114BEE8D2E51EBCE00C3E8F1 /* Release */ = {
			isa = XCBuildConfiguration;
			buildSettings = {
				BUNDLE_LOADER = "$(TEST_HOST)";
				CODE_SIGN_STYLE = Automatic;
				CURRENT_PROJECT_VERSION = 1;
				DEVELOPMENT_TEAM = RQ63APAG77;
				GENERATE_INFOPLIST_FILE = YES;
				IPHONEOS_DEPLOYMENT_TARGET = 18.5;
				MARKETING_VERSION = 1.0;
				PRODUCT_BUNDLE_IDENTIFIER = ra.FIN1Tests;
				PRODUCT_NAME = "$(TARGET_NAME)";
				SWIFT_EMIT_LOC_STRINGS = NO;
				SWIFT_VERSION = 6.0;
				TARGETED_DEVICE_FAMILY = "1,2";
				TEST_HOST = "$(BUILT_PRODUCTS_DIR)/FIN1.app/$(BUNDLE_EXECUTABLE_FOLDER_PATH)/FIN1";
			};
			name = Release;
		};
		114BEE8F2E51EBCE00C3E8F1 /* Debug */ = {
			isa = XCBuildConfiguration;
			buildSettings = {
				CODE_SIGN_STYLE = Automatic;
				CURRENT_PROJECT_VERSION = 1;
				DEVELOPMENT_TEAM = RQ63APAG77;
				GENERATE_INFOPLIST_FILE = YES;
				MARKETING_VERSION = 1.0;
				PRODUCT_BUNDLE_IDENTIFIER = ra.FIN1UITests;
				PRODUCT_NAME = "$(TARGET_NAME)";
				SWIFT_EMIT_LOC_STRINGS = NO;
				SWIFT_VERSION = 6.0;
				TARGETED_DEVICE_FAMILY = "1,2";
				TEST_TARGET_NAME = FIN1;
			};
			name = Debug;
		};
		114BEE902E51EBCE00C3E8F1 /* Release */ = {
			isa = XCBuildConfiguration;
			buildSettings = {
				CODE_SIGN_STYLE = Automatic;
				CURRENT_PROJECT_VERSION = 1;
				DEVELOPMENT_TEAM = RQ63APAG77;
				GENERATE_INFOPLIST_FILE = YES;
				MARKETING_VERSION = 1.0;
				PRODUCT_BUNDLE_IDENTIFIER = ra.FIN1UITests;
				PRODUCT_NAME = "$(TARGET_NAME)";
				SWIFT_EMIT_LOC_STRINGS = NO;
				SWIFT_VERSION = 6.0;
				TARGETED_DEVICE_FAMILY = "1,2";
				TEST_TARGET_NAME = FIN1;
			};
			name = Release;
		};
		11INVCONFDBG0000000000001 /* Debug */ = {
			isa = XCBuildConfiguration;
			buildSettings = {
				BUNDLE_LOADER = "$(TEST_HOST)";
				CODE_SIGN_STYLE = Automatic;
				CURRENT_PROJECT_VERSION = 1;
				DEVELOPMENT_TEAM = RQ63APAG77;
				GENERATE_INFOPLIST_FILE = YES;
				IPHONEOS_DEPLOYMENT_TARGET = 18.5;
				MARKETING_VERSION = 1.0;
				PRODUCT_BUNDLE_IDENTIFIER = ra.FIN1InvestorTests;
				PRODUCT_NAME = "$(TARGET_NAME)";
				SWIFT_EMIT_LOC_STRINGS = NO;
				SWIFT_VERSION = 6.0;
				TARGETED_DEVICE_FAMILY = "1,2";
				TEST_HOST = "$(BUILT_PRODUCTS_DIR)/FIN1.app/$(BUNDLE_EXECUTABLE_FOLDER_PATH)/FIN1";
			};
			name = Debug;
		};
		11INVCONFREL0000000000001 /* Release */ = {
			isa = XCBuildConfiguration;
			buildSettings = {
				BUNDLE_LOADER = "$(TEST_HOST)";
				CODE_SIGN_STYLE = Automatic;
				CURRENT_PROJECT_VERSION = 1;
				DEVELOPMENT_TEAM = RQ63APAG77;
				GENERATE_INFOPLIST_FILE = YES;
				IPHONEOS_DEPLOYMENT_TARGET = 18.5;
				MARKETING_VERSION = 1.0;
				PRODUCT_BUNDLE_IDENTIFIER = ra.FIN1InvestorTests;
				PRODUCT_NAME = "$(TARGET_NAME)";
				SWIFT_EMIT_LOC_STRINGS = NO;
				SWIFT_VERSION = 6.0;
				TARGETED_DEVICE_FAMILY = "1,2";
				TEST_HOST = "$(BUILT_PRODUCTS_DIR)/FIN1.app/$(BUNDLE_EXECUTABLE_FOLDER_PATH)/FIN1";
			};
			name = Release;
		};
		11CORECONFDBG0000000000001 /* Debug */ = {
			isa = XCBuildConfiguration;
			buildSettings = {
				BUNDLE_LOADER = "$(TEST_HOST)";
				CODE_SIGN_STYLE = Automatic;
				CURRENT_PROJECT_VERSION = 1;
				DEVELOPMENT_TEAM = RQ63APAG77;
				GENERATE_INFOPLIST_FILE = YES;
				IPHONEOS_DEPLOYMENT_TARGET = 18.5;
				MARKETING_VERSION = 1.0;
				PRODUCT_BUNDLE_IDENTIFIER = ra.FIN1CoreRegressionTests;
				PRODUCT_NAME = "$(TARGET_NAME)";
				SWIFT_EMIT_LOC_STRINGS = NO;
				SWIFT_VERSION = 6.0;
				TARGETED_DEVICE_FAMILY = "1,2";
				TEST_HOST = "$(BUILT_PRODUCTS_DIR)/FIN1.app/$(BUNDLE_EXECUTABLE_FOLDER_PATH)/FIN1";
			};
			name = Debug;
		};
		11CORECONFREL0000000000001 /* Release */ = {
			isa = XCBuildConfiguration;
			buildSettings = {
				BUNDLE_LOADER = "$(TEST_HOST)";
				CODE_SIGN_STYLE = Automatic;
				CURRENT_PROJECT_VERSION = 1;
				DEVELOPMENT_TEAM = RQ63APAG77;
				GENERATE_INFOPLIST_FILE = YES;
				IPHONEOS_DEPLOYMENT_TARGET = 18.5;
				MARKETING_VERSION = 1.0;
				PRODUCT_BUNDLE_IDENTIFIER = ra.FIN1CoreRegressionTests;
				PRODUCT_NAME = "$(TARGET_NAME)";
				SWIFT_EMIT_LOC_STRINGS = NO;
				SWIFT_VERSION = 6.0;
				TARGETED_DEVICE_FAMILY = "1,2";
				TEST_HOST = "$(BUILT_PRODUCTS_DIR)/FIN1.app/$(BUNDLE_EXECUTABLE_FOLDER_PATH)/FIN1";
			};
			name = Release;
		};
/* End XCBuildConfiguration section */

/* Begin XCConfigurationList section */
		114BEE622E51EBCC00C3E8F1 /* Build configuration list for PBXProject "FIN1" */ = {
			isa = XCConfigurationList;
			buildConfigurations = (
				114BEE862E51EBCE00C3E8F1 /* Debug */,
				114BEE872E51EBCE00C3E8F1 /* Release */,
			);
			defaultConfigurationIsVisible = 0;
			defaultConfigurationName = Release;
		};
		114BEE882E51EBCE00C3E8F1 /* Build configuration list for PBXNativeTarget "FIN1" */ = {
			isa = XCConfigurationList;
			buildConfigurations = (
				114BEE892E51EBCE00C3E8F1 /* Debug */,
				114BEE8A2E51EBCE00C3E8F1 /* Release */,
			);
			defaultConfigurationIsVisible = 0;
			defaultConfigurationName = Release;
		};
		114BEE8B2E51EBCE00C3E8F1 /* Build configuration list for PBXNativeTarget "FIN1Tests" */ = {
			isa = XCConfigurationList;
			buildConfigurations = (
				114BEE8C2E51EBCE00C3E8F1 /* Debug */,
				114BEE8D2E51EBCE00C3E8F1 /* Release */,
			);
			defaultConfigurationIsVisible = 0;
			defaultConfigurationName = Release;
		};
		114BEE8E2E51EBCE00C3E8F1 /* Build configuration list for PBXNativeTarget "FIN1UITests" */ = {
			isa = XCConfigurationList;
			buildConfigurations = (
				114BEE8F2E51EBCE00C3E8F1 /* Debug */,
				114BEE902E51EBCE00C3E8F1 /* Release */,
			);
			defaultConfigurationIsVisible = 0;
			defaultConfigurationName = Release;
		};
		11INVCONF000000000000001 /* Build configuration list for PBXNativeTarget "FIN1InvestorTests" */ = {
			isa = XCConfigurationList;
			buildConfigurations = (
				11INVCONFDBG0000000000001 /* Debug */,
				11INVCONFREL0000000000001 /* Release */,
			);
			defaultConfigurationIsVisible = 0;
			defaultConfigurationName = Release;
		};
		11CORECONF000000000000001 /* Build configuration list for PBXNativeTarget "FIN1CoreRegressionTests" */ = {
			isa = XCConfigurationList;
			buildConfigurations = (
				11CORECONFDBG0000000000001 /* Debug */,
				11CORECONFREL0000000000001 /* Release */,
			);
			defaultConfigurationIsVisible = 0;
			defaultConfigurationName = Release;
		};
/* End XCConfigurationList section */
	};
	rootObject = 114BEE5F2E51EBCC00C3E8F1 /* Project object */;
}
